
Microsoft Visual Studio Solution File, Format Version 12.00
# Visual Studio Version 17
VisualStudioVersion = 17.2.32616.157
MinimumVisualStudioVersion = 10.0.40219.1
Project("{FAE04EC0-301F-11D3-BF4B-00C04F79EFBC}") = "FoodStore.WebMVC", "FoodStore.WebMVC\FoodStore.WebMVC.csproj", "{6B29964D-F758-4B3A-BACA-DB46E76CC6E2}"
EndProject
Project("{FAE04EC0-301F-11D3-BF4B-00C04F79EFBC}") = "FoodStore.DAL", "FoodStore.DAL\FoodStore.DAL.csproj", "{D9F5160B-379F-488B-8EC4-59082C4DADD5}"
EndProject
Project("{FAE04EC0-301F-11D3-BF4B-00C04F79EFBC}") = "FoodStore.BLL", "FoodStore.BLL\FoodStore.BLL.csproj", "{EDC0E538-31F4-49FC-AE26-8CC15DC4F30F}"
EndProject
Global
	GlobalSection(SolutionConfigurationPlatforms) = preSolution
		Debug|Any CPU = Debug|Any CPU
		Release|Any CPU = Release|Any CPU
	EndGlobalSection
	GlobalSection(ProjectConfigurationPlatforms) = postSolution
		{6B29964D-F758-4B3A-BACA-DB46E76CC6E2}.Debug|Any CPU.ActiveCfg = Debug|Any CPU
		{6B29964D-F758-4B3A-BACA-DB46E76CC6E2}.Debug|Any CPU.Build.0 = Debug|Any CPU
		{6B29964D-F758-4B3A-BACA-DB46E76CC6E2}.Release|Any CPU.ActiveCfg = Release|Any CPU
		{6B29964D-F758-4B3A-BACA-DB46E76CC6E2}.Release|Any CPU.Build.0 = Release|Any CPU
		{D9F5160B-379F-488B-8EC4-59082C4DADD5}.Debug|Any CPU.ActiveCfg = Debug|Any CPU
		{D9F5160B-379F-488B-8EC4-59082C4DADD5}.Debug|Any CPU.Build.0 = Debug|Any CPU
		{D9F5160B-379F-488B-8EC4-59082C4DADD5}.Release|Any CPU.ActiveCfg = Release|Any CPU
		{D9F5160B-379F-488B-8EC4-59082C4DADD5}.Release|Any CPU.Build.0 = Release|Any CPU
		{EDC0E538-31F4-49FC-AE26-8CC15DC4F30F}.Debug|Any CPU.ActiveCfg = Debug|Any CPU
		{EDC0E538-31F4-49FC-AE26-8CC15DC4F30F}.Debug|Any CPU.Build.0 = Debug|Any CPU
		{EDC0E538-31F4-49FC-AE26-8CC15DC4F30F}.Release|Any CPU.ActiveCfg = Release|Any CPU
		{EDC0E538-31F4-49FC-AE26-8CC15DC4F30F}.Release|Any CPU.Build.0 = Release|Any CPU
	EndGlobalSection
	GlobalSection(SolutionProperties) = preSolution
		HideSolutionNode = FALSE
	EndGlobalSection
	GlobalSection(ExtensibilityGlobals) = postSolution
		SolutionGuid = {F9B04B9B-1CA9-47CD-B47A-836FA7C90EAF}
	EndGlobalSection
EndGlobal
